{
  "name": "universal-agent-skill-os",
  "version": "0.2.0",
  "lockfileVersion": 3,
  "requires": true,
  "packages": {
    "": {
      "name": "universal-agent-skill-os",
      "version": "0.2.0",
      "license": "MIT",
      "bin": {
        "skillx": "skillx"
      },
      "engines": {
        "node": ">=20"
      }
    }
  }
}
